{
  "meteor": {},
  "dependencies": {
    "basePackages": {
      "iron-router": {},
      "accounts-entry": {
        "git": "https://github.com/Differential/accounts-entry.git",
        "branch": "master"
      },
      "handlebars-server": {
        "git": "https://github.com/EventedMind/meteor-handlebars-server.git",
        "branch": "master"
      },
      "minimongoid": {},
      "youtube": {},
      "simple-form": {},
      "flash-messages": {}
    },
    "packages": {
      "iron-router": {
        "git": "https://github.com/EventedMind/iron-router.git",
        "tag": "v0.7.1",
        "commit": "d1ffb3f06ea4c112132b030f2eb1a70b81675ecb"
      },
      "accounts-entry": {
        "git": "https://github.com/Differential/accounts-entry.git",
        "branch": "master",
        "commit": "be97ac850259018b3fedca3d41dee5ca2cc98bc6"
      },
      "handlebars-server": {
        "git": "https://github.com/EventedMind/meteor-handlebars-server.git",
        "branch": "master",
        "commit": "1b72c4e9d82af66293e50be4516c487d15d97464"
      },
      "minimongoid": {
        "git": "https://github.com/Exygy/minimongoid.git",
        "tag": "v0.8.8",
        "commit": "cf8d0bec44934d617544965977f270f2a8cdca02"
      },
      "youtube": {
        "git": "https://github.com/Differential/youtube.git",
        "tag": "v0.0.1",
        "commit": "1642e4cb15df728d5b1d4ad0998b63672824fc76"
      },
      "simple-form": {
        "git": "https://github.com/Differential/simple-form.git",
        "tag": "v0.1.1",
        "commit": "71360a47bd0c039b5e775c12c8ca87ee0e44a859"
      },
      "flash-messages": {
        "git": "https://github.com/camilosw/flash-messages.git",
        "tag": "v0.2.4",
        "commit": "8e7d09e7b7bd61ab10aaad01371dcecef2e9f797"
      },
      "blaze-layout": {
        "git": "https://github.com/EventedMind/blaze-layout.git",
        "tag": "v0.2.4",
        "commit": "b40e9b0612329288d75cf52ad14a7da64bb8618f"
      },
      "accounts-t9n": {
        "git": "https://github.com/softwarerero/meteor-accounts-t9n.git",
        "tag": "v0.0.5",
        "commit": "ad9539a8818049d5d9fa050d8b2a1f62706483b1"
      },
      "underscore-string-latest": {
        "git": "https://github.com/TimHeckel/meteor-underscore-string.git",
        "tag": "v2.3.3",
        "commit": "4a5d70eee48fbd90a6e6fc78747250d704a0b3bb"
      }
    }
  }
}
